# THIS IS AN AUTOGENERATED FILE. DO NOT EDIT THIS FILE DIRECTLY.
# yarn lockfile v1


balanced-match@^0.4.1:
  version "0.4.2"
  resolved "https://registry.yarnpkg.com/balanced-match/-/balanced-match-0.4.2.tgz#cb3f3e3c732dc0f01ee70b403f302e61d7709838"

brace-expansion@^1.1.7:
  version "1.1.7"
  resolved "https://registry.yarnpkg.com/brace-expansion/-/brace-expansion-1.1.7.tgz#3effc3c50e000531fb720eaff80f0ae8ef23cf59"
  dependencies:
    balanced-match "^0.4.1"
    concat-map "0.0.1"

concat-map@0.0.1:
  version "0.0.1"
  resolved "https://registry.yarnpkg.com/concat-map/-/concat-map-0.0.1.tgz#d8a96bd77fd68df7793a73036a3ba0d5405d477b"

minimatch@^3.0.0:
  version "3.0.4"
  resolved "https://registry.yarnpkg.com/minimatch/-/minimatch-3.0.4.tgz#5166e286457f03306064be5497e8dbb0c3d32083"
  dependencies:
    brace-expansion "^1.1.7"

mockery@^1.7.0:
  version "1.7.0"
  resolved "https://registry.yarnpkg.com/mockery/-/mockery-1.7.0.tgz#f4ede0d8750c1c9727c272ea2c60629e2c9a1c4f"

q@^1.1.2:
  version "1.4.1"
  resolved "https://registry.yarnpkg.com/q/-/q-1.4.1.tgz#55705bcd93c5f3673530c2c2cbc0c2b3addc286e"

q@^1.5.1:
  version "1.5.1"
  resolved "https://registry.yarnpkg.com/q/-/q-1.5.1.tgz#7e32f75b41381291d04611f1bf14109ac00651d7"

sax@>=0.6.0:
  version "1.2.2"
  resolved "https://registry.yarnpkg.com/sax/-/sax-1.2.2.tgz#fd8631a23bc7826bef5d871bdb87378c95647828"

semver@^5.1.0:
  version "5.3.0"
  resolved "https://registry.yarnpkg.com/semver/-/semver-5.3.0.tgz#9b2ce5d3de02d17c6012ad326aa6b4d0cf54f94f"

shelljs@^0.3.0:
  version "0.3.0"
  resolved "https://registry.yarnpkg.com/shelljs/-/shelljs-0.3.0.tgz#3596e6307a781544f591f37da618360f31db57b1"

tunnel@0.0.4:
  version "0.0.4"
  resolved "https://registry.yarnpkg.com/tunnel/-/tunnel-0.0.4.tgz#2d3785a158c174c9a16dc2c046ec5fc5f1742213"

typed-rest-client@^0.12.0:
  version "0.12.0"
  resolved "https://registry.yarnpkg.com/typed-rest-client/-/typed-rest-client-0.12.0.tgz#6376f5527f427da121dcafdfd7e41e1321e0720c"
  dependencies:
    tunnel "0.0.4"
    underscore "1.8.3"

underscore@1.8.3, underscore@^1.8.3:
  version "1.8.3"
  resolved "https://registry.yarnpkg.com/underscore/-/underscore-1.8.3.tgz#4f3fb53b106e6097fcf9cb4109f2a5e9bdfa5022"

uuid@^3.0.1:
  version "3.0.1"
  resolved "https://registry.yarnpkg.com/uuid/-/uuid-3.0.1.tgz#6544bba2dfda8c1cf17e629a3a305e2bb1fee6c1"

vso-node-api@^6.2.8-preview:
  version "6.2.8-preview"
  resolved "https://registry.yarnpkg.com/vso-node-api/-/vso-node-api-6.2.8-preview.tgz#99902e626c408716ab90b042705452c88ec1c2f0"
  dependencies:
    tunnel "0.0.4"
    typed-rest-client "^0.12.0"
    underscore "^1.8.3"

vsts-task-lib@^2.1.0:
  version "2.1.0"
  resolved "https://registry.yarnpkg.com/vsts-task-lib/-/vsts-task-lib-2.1.0.tgz#c371aeff2a8d98438865235dc9fc94701c404c84"
  dependencies:
    minimatch "^3.0.0"
    mockery "^1.7.0"
    q "^1.1.2"
    semver "^5.1.0"
    shelljs "^0.3.0"
    uuid "^3.0.1"

xml2js@^0.4.19:
  version "0.4.19"
  resolved "https://registry.yarnpkg.com/xml2js/-/xml2js-0.4.19.tgz#686c20f213209e94abf0d1bcf1efaa291c7827a7"
  dependencies:
    sax ">=0.6.0"
    xmlbuilder "~9.0.1"

xmlbuilder@~9.0.1:
  version "9.0.4"
  resolved "https://registry.yarnpkg.com/xmlbuilder/-/xmlbuilder-9.0.4.tgz#519cb4ca686d005a8420d3496f3f0caeecca580f"
